
Microsoft Visual Studio Solution File, Format Version 12.00
# Visual Studio Version 17
VisualStudioVersion = 17.13.35617.110 d17.13
MinimumVisualStudioVersion = 10.0.40219.1
Project("{FAE04EC0-301F-11D3-BF4B-00C04F79EFBC}") = "M87.SimulatorCore", "M87.SimulatorCore\M87.SimulatorCore.csproj", "{817DF82D-34AD-4051-A1B3-9467C596E6BB}"
EndProject
Project("{FAE04EC0-301F-11D3-BF4B-00C04F79EFBC}") = "M87.QuickSim", "M87.QuickSim\M87.QuickSim.csproj", "{DDD57857-3A94-469F-9A39-34D60B254F85}"
EndProject
Global
	GlobalSection(SolutionConfigurationPlatforms) = preSolution
		Debug|Any CPU = Debug|Any CPU
		Release|Any CPU = Release|Any CPU
	EndGlobalSection
	GlobalSection(ProjectConfigurationPlatforms) = postSolution
		{817DF82D-34AD-4051-A1B3-9467C596E6BB}.Debug|Any CPU.ActiveCfg = Debug|Any CPU
		{817DF82D-34AD-4051-A1B3-9467C596E6BB}.Debug|Any CPU.Build.0 = Debug|Any CPU
		{817DF82D-34AD-4051-A1B3-9467C596E6BB}.Release|Any CPU.ActiveCfg = Release|Any CPU
		{817DF82D-34AD-4051-A1B3-9467C596E6BB}.Release|Any CPU.Build.0 = Release|Any CPU
		{DDD57857-3A94-469F-9A39-34D60B254F85}.Debug|Any CPU.ActiveCfg = Debug|Any CPU
		{DDD57857-3A94-469F-9A39-34D60B254F85}.Debug|Any CPU.Build.0 = Debug|Any CPU
		{DDD57857-3A94-469F-9A39-34D60B254F85}.Release|Any CPU.ActiveCfg = Release|Any CPU
		{DDD57857-3A94-469F-9A39-34D60B254F85}.Release|Any CPU.Build.0 = Release|Any CPU
	EndGlobalSection
	GlobalSection(SolutionProperties) = preSolution
		HideSolutionNode = FALSE
	EndGlobalSection
	GlobalSection(ExtensibilityGlobals) = postSolution
		SolutionGuid = {3E5EE3DD-EC42-40EF-B7D6-EA1C462E5B76}
	EndGlobalSection
EndGlobal
